{
  "version": 4,
  "terraform_version": "0.12.7",
  "serial": 3,
  "lineage": "ef116d75-55cd-fd99-18fd-18e5daec99b1",
  "outputs": {
    "image_out": {
      "value": "sha256:a4d3dc3a1561ffd874e20d98e845416f125b900ae06af608319d9913b5d74a30",
      "type": "string"
    }
  },
  "resources": [
    {
      "mode": "managed",
      "type": "docker_image",
      "name": "image_id",
      "provider": "provider.docker",
      "instances": [
        {
          "schema_version": 0,
          "attributes": {
            "id": "sha256:a4d3dc3a1561ffd874e20d98e845416f125b900ae06af608319d9913b5d74a30ghost:alpine",
            "keep_locally": null,
            "latest": "sha256:a4d3dc3a1561ffd874e20d98e845416f125b900ae06af608319d9913b5d74a30",
            "name": "ghost:alpine",
            "pull_trigger": null,
            "pull_triggers": null
          }
        }
      ]
    }
  ]
}
